
Microsoft Visual Studio Solution File, Format Version 12.00
# Visual Studio 2012
Project("{FAE04EC0-301F-11D3-BF4B-00C04F79EFBC}") = "TreeOfNNodes", "TreeOfNNodes\TreeOfNNodes.csproj", "{C98ECE79-CB6A-4643-8B02-697EAC5F595A}"
EndProject
Project("{FAE04EC0-301F-11D3-BF4B-00C04F79EFBC}") = "DirectoryTravel", "DirectoryTravel\DirectoryTravel.csproj", "{AEA422E3-FB2E-4615-ACCD-1E17AFFE3634}"
EndProject
Project("{FAE04EC0-301F-11D3-BF4B-00C04F79EFBC}") = "ReadWindowsDirectory", "ReadWindowsDirectory\ReadWindowsDirectory.csproj", "{817F0904-61A0-4707-8380-18A69B86E561}"
EndProject
Global
	GlobalSection(SolutionConfigurationPlatforms) = preSolution
		Debug|Any CPU = Debug|Any CPU
		Release|Any CPU = Release|Any CPU
	EndGlobalSection
	GlobalSection(ProjectConfigurationPlatforms) = postSolution
		{C98ECE79-CB6A-4643-8B02-697EAC5F595A}.Debug|Any CPU.ActiveCfg = Debug|Any CPU
		{C98ECE79-CB6A-4643-8B02-697EAC5F595A}.Debug|Any CPU.Build.0 = Debug|Any CPU
		{C98ECE79-CB6A-4643-8B02-697EAC5F595A}.Release|Any CPU.ActiveCfg = Release|Any CPU
		{C98ECE79-CB6A-4643-8B02-697EAC5F595A}.Release|Any CPU.Build.0 = Release|Any CPU
		{AEA422E3-FB2E-4615-ACCD-1E17AFFE3634}.Debug|Any CPU.ActiveCfg = Debug|Any CPU
		{AEA422E3-FB2E-4615-ACCD-1E17AFFE3634}.Debug|Any CPU.Build.0 = Debug|Any CPU
		{AEA422E3-FB2E-4615-ACCD-1E17AFFE3634}.Release|Any CPU.ActiveCfg = Release|Any CPU
		{AEA422E3-FB2E-4615-ACCD-1E17AFFE3634}.Release|Any CPU.Build.0 = Release|Any CPU
		{817F0904-61A0-4707-8380-18A69B86E561}.Debug|Any CPU.ActiveCfg = Debug|Any CPU
		{817F0904-61A0-4707-8380-18A69B86E561}.Debug|Any CPU.Build.0 = Debug|Any CPU
		{817F0904-61A0-4707-8380-18A69B86E561}.Release|Any CPU.ActiveCfg = Release|Any CPU
		{817F0904-61A0-4707-8380-18A69B86E561}.Release|Any CPU.Build.0 = Release|Any CPU
	EndGlobalSection
	GlobalSection(SolutionProperties) = preSolution
		HideSolutionNode = FALSE
	EndGlobalSection
EndGlobal
