
Microsoft Visual Studio Solution File, Format Version 12.00
# Visual Studio 2012
Project("{FAE04EC0-301F-11D3-BF4B-00C04F79EFBC}") = "Shapes", "OOP2\Shapes.csproj", "{AAAC13CB-8EBB-4315-91C4-B84DC3A7A318}"
EndProject
Project("{FAE04EC0-301F-11D3-BF4B-00C04F79EFBC}") = "Bank", "Bank\Bank.csproj", "{D17F1902-6F02-4ADC-AEDE-7FDBA26FFA46}"
EndProject
Project("{FAE04EC0-301F-11D3-BF4B-00C04F79EFBC}") = "Exceptions", "Exceptions\Exceptions.csproj", "{961A7C53-D904-4211-8721-FC86CEBC6E3B}"
EndProject
Global
	GlobalSection(SolutionConfigurationPlatforms) = preSolution
		Debug|Any CPU = Debug|Any CPU
		Release|Any CPU = Release|Any CPU
	EndGlobalSection
	GlobalSection(ProjectConfigurationPlatforms) = postSolution
		{AAAC13CB-8EBB-4315-91C4-B84DC3A7A318}.Debug|Any CPU.ActiveCfg = Debug|Any CPU
		{AAAC13CB-8EBB-4315-91C4-B84DC3A7A318}.Debug|Any CPU.Build.0 = Debug|Any CPU
		{AAAC13CB-8EBB-4315-91C4-B84DC3A7A318}.Release|Any CPU.ActiveCfg = Release|Any CPU
		{AAAC13CB-8EBB-4315-91C4-B84DC3A7A318}.Release|Any CPU.Build.0 = Release|Any CPU
		{D17F1902-6F02-4ADC-AEDE-7FDBA26FFA46}.Debug|Any CPU.ActiveCfg = Debug|Any CPU
		{D17F1902-6F02-4ADC-AEDE-7FDBA26FFA46}.Debug|Any CPU.Build.0 = Debug|Any CPU
		{D17F1902-6F02-4ADC-AEDE-7FDBA26FFA46}.Release|Any CPU.ActiveCfg = Release|Any CPU
		{D17F1902-6F02-4ADC-AEDE-7FDBA26FFA46}.Release|Any CPU.Build.0 = Release|Any CPU
		{961A7C53-D904-4211-8721-FC86CEBC6E3B}.Debug|Any CPU.ActiveCfg = Debug|Any CPU
		{961A7C53-D904-4211-8721-FC86CEBC6E3B}.Debug|Any CPU.Build.0 = Debug|Any CPU
		{961A7C53-D904-4211-8721-FC86CEBC6E3B}.Release|Any CPU.ActiveCfg = Release|Any CPU
		{961A7C53-D904-4211-8721-FC86CEBC6E3B}.Release|Any CPU.Build.0 = Release|Any CPU
	EndGlobalSection
	GlobalSection(SolutionProperties) = preSolution
		HideSolutionNode = FALSE
	EndGlobalSection
EndGlobal
